PODS:
  - ErrorPresentationKit (0.2.0)

DEPENDENCIES:
  - ErrorPresentationKit (from `../`)

EXTERNAL SOURCES:
  ErrorPresentationKit:
    :path: ../

SPEC CHECKSUMS:
  ErrorPresentationKit: ac5e2906730fbb4191006871968f3103cfc87a73

PODFILE CHECKSUM: 8aeeb32d0a35b38a3a5036026d3d276e6143c36d

COCOAPODS: 1.1.1
