PODS:
  - ErrorPresentationKit (0.2.2)

DEPENDENCIES:
  - ErrorPresentationKit (from `../`)

EXTERNAL SOURCES:
  ErrorPresentationKit:
    :path: ../

SPEC CHECKSUMS:
  ErrorPresentationKit: 6775aee3d46a08bd8d219724ac6ab3358208885b

PODFILE CHECKSUM: 8aeeb32d0a35b38a3a5036026d3d276e6143c36d

COCOAPODS: 1.2.1
