PODS:
  - ErrorPresentationKit (0.3.0)

DEPENDENCIES:
  - ErrorPresentationKit (from `../`)

EXTERNAL SOURCES:
  ErrorPresentationKit:
    :path: "../"

SPEC CHECKSUMS:
  ErrorPresentationKit: 3b4fa97d79d879161b39f46bb2183e30c9ae06e9

PODFILE CHECKSUM: 8aeeb32d0a35b38a3a5036026d3d276e6143c36d

COCOAPODS: 1.5.3
